PODS:
  - Alamofire (5.6.4)
  - LazyImage (7.0.1)
  - lottie-ios (3.5.0)
  - SnapKit (5.6.0)
  - SnappingLayout (0.1.4)

DEPENDENCIES:
  - Alamofire
  - LazyImage
  - lottie-ios
  - SnapKit
  - SnappingLayout

SPEC REPOS:
  trunk:
    - Alamofire
    - LazyImage
    - lottie-ios
    - SnapKit
    - SnappingLayout

SPEC CHECKSUMS:
  Alamofire: 4e95d97098eacb88856099c4fc79b526a299e48c
  LazyImage: 4db5288d8660b28e64e60c57f5b5d414af922160
  lottie-ios: c55158d67d0629a260625cc2ded2052b829e3c3e
  SnapKit: e01d52ebb8ddbc333eefe2132acf85c8227d9c25
  SnappingLayout: 00aee431f94469bca16910990760e8ebbcd79e18

PODFILE CHECKSUM: 59203c6063c7bd6e0d4f70049404503dad1fe306

COCOAPODS: 1.11.3
