// !$*UTF8*$!
{
	archiveVersion = 1;
	classes = {
	};
	objectVersion = 56;
	objects = {

/* Begin PBXBuildFile section */
		3EF23802C16A30003013B2A0 /* Pods_Parky.framework in Frameworks */ = {isa = PBXBuildFile; fileRef = 7A0384BAACC1EF327424CB4E /* Pods_Parky.framework */; };
		9BAF046E2926E92000069823 /* AppDelegate.swift in Sources */ = {isa = PBXBuildFile; fileRef = 9BAF046D2926E92000069823 /* AppDelegate.swift */; };
		9BAF04702926E92000069823 /* SceneDelegate.swift in Sources */ = {isa = PBXBuildFile; fileRef = 9BAF046F2926E92000069823 /* SceneDelegate.swift */; };
		9BAF04722926E92000069823 /* ViewController.swift in Sources */ = {isa = PBXBuildFile; fileRef = 9BAF04712926E92000069823 /* ViewController.swift */; };
		9BAF04772926E92300069823 /* Assets.xcassets in Resources */ = {isa = PBXBuildFile; fileRef = 9BAF04762926E92300069823 /* Assets.xcassets */; };
		9BAF047A2926E92300069823 /* LaunchScreen.storyboard in Resources */ = {isa = PBXBuildFile; fileRef = 9BAF04782926E92300069823 /* LaunchScreen.storyboard */; };
		A73A118E292DA26B00FC3992 /* Park.swift in Sources */ = {isa = PBXBuildFile; fileRef = A73A118D292DA26B00FC3992 /* Park.swift */; };
		A73A1190292DA58C00FC3992 /* ParkTableViewCell.swift in Sources */ = {isa = PBXBuildFile; fileRef = A73A118F292DA58C00FC3992 /* ParkTableViewCell.swift */; };
		A73A1192292DA97200FC3992 /* NetworkManager.swift in Sources */ = {isa = PBXBuildFile; fileRef = A73A1191292DA97200FC3992 /* NetworkManager.swift */; };
		A73A1194292DCD1E00FC3992 /* DetailViewController.swift in Sources */ = {isa = PBXBuildFile; fileRef = A73A1193292DCD1E00FC3992 /* DetailViewController.swift */; };
		A73A1196292EC5B500FC3992 /* OpenHourProcessor.swift in Sources */ = {isa = PBXBuildFile; fileRef = A73A1195292EC5B500FC3992 /* OpenHourProcessor.swift */; };
		A73A119E292F252A00FC3992 /* CommentsCollectionViewCell.swift in Sources */ = {isa = PBXBuildFile; fileRef = A73A119D292F252A00FC3992 /* CommentsCollectionViewCell.swift */; };
/* End PBXBuildFile section */

/* Begin PBXFileReference section */
		6175936FAA0966B5118FEA12 /* Pods-Parky.debug.xcconfig */ = {isa = PBXFileReference; includeInIndex = 1; lastKnownFileType = text.xcconfig; name = "Pods-Parky.debug.xcconfig"; path = "Target Support Files/Pods-Parky/Pods-Parky.debug.xcconfig"; sourceTree = "<group>"; };
		7A0384BAACC1EF327424CB4E /* Pods_Parky.framework */ = {isa = PBXFileReference; explicitFileType = wrapper.framework; includeInIndex = 0; path = Pods_Parky.framework; sourceTree = BUILT_PRODUCTS_DIR; };
		9BAF046A2926E92000069823 /* Parky.app */ = {isa = PBXFileReference; explicitFileType = wrapper.application; includeInIndex = 0; path = Parky.app; sourceTree = BUILT_PRODUCTS_DIR; };
		9BAF046D2926E92000069823 /* AppDelegate.swift */ = {isa = PBXFileReference; lastKnownFileType = sourcecode.swift; path = AppDelegate.swift; sourceTree = "<group>"; };
		9BAF046F2926E92000069823 /* SceneDelegate.swift */ = {isa = PBXFileReference; lastKnownFileType = sourcecode.swift; path = SceneDelegate.swift; sourceTree = "<group>"; };
		9BAF04712926E92000069823 /* ViewController.swift */ = {isa = PBXFileReference; lastKnownFileType = sourcecode.swift; path = ViewController.swift; sourceTree = "<group>"; };
		9BAF04762926E92300069823 /* Assets.xcassets */ = {isa = PBXFileReference; lastKnownFileType = folder.assetcatalog; path = Assets.xcassets; sourceTree = "<group>"; };
		9BAF04792926E92300069823 /* Base */ = {isa = PBXFileReference; lastKnownFileType = file.storyboard; name = Base; path = Base.lproj/LaunchScreen.storyboard; sourceTree = "<group>"; };
		9BAF047B2926E92300069823 /* Info.plist */ = {isa = PBXFileReference; lastKnownFileType = text.plist.xml; path = Info.plist; sourceTree = "<group>"; };
		A73A118D292DA26B00FC3992 /* Park.swift */ = {isa = PBXFileReference; lastKnownFileType = sourcecode.swift; path = Park.swift; sourceTree = "<group>"; };
		A73A118F292DA58C00FC3992 /* ParkTableViewCell.swift */ = {isa = PBXFileReference; lastKnownFileType = sourcecode.swift; path = ParkTableViewCell.swift; sourceTree = "<group>"; };
		A73A1191292DA97200FC3992 /* NetworkManager.swift */ = {isa = PBXFileReference; lastKnownFileType = sourcecode.swift; path = NetworkManager.swift; sourceTree = "<group>"; };
		A73A1193292DCD1E00FC3992 /* DetailViewController.swift */ = {isa = PBXFileReference; lastKnownFileType = sourcecode.swift; path = DetailViewController.swift; sourceTree = "<group>"; };
		A73A1195292EC5B500FC3992 /* OpenHourProcessor.swift */ = {isa = PBXFileReference; lastKnownFileType = sourcecode.swift; path = OpenHourProcessor.swift; sourceTree = "<group>"; };
		A73A119D292F252A00FC3992 /* CommentsCollectionViewCell.swift */ = {isa = PBXFileReference; lastKnownFileType = sourcecode.swift; path = CommentsCollectionViewCell.swift; sourceTree = "<group>"; };
		F20F62A37D5580EEB53A60A9 /* Pods-Parky.release.xcconfig */ = {isa = PBXFileReference; includeInIndex = 1; lastKnownFileType = text.xcconfig; name = "Pods-Parky.release.xcconfig"; path = "Target Support Files/Pods-Parky/Pods-Parky.release.xcconfig"; sourceTree = "<group>"; };
/* End PBXFileReference section */

/* Begin PBXFrameworksBuildPhase section */
		9BAF04672926E92000069823 /* Frameworks */ = {
			isa = PBXFrameworksBuildPhase;
			buildActionMask = 2147483647;
			files = (
				3EF23802C16A30003013B2A0 /* Pods_Parky.framework in Frameworks */,
			);
			runOnlyForDeploymentPostprocessing = 0;
		};
/* End PBXFrameworksBuildPhase section */

/* Begin PBXGroup section */
		58181C236DC4E786164095CE /* Frameworks */ = {
			isa = PBXGroup;
			children = (
				7A0384BAACC1EF327424CB4E /* Pods_Parky.framework */,
			);
			name = Frameworks;
			sourceTree = "<group>";
		};
		9BAF04612926E92000069823 = {
			isa = PBXGroup;
			children = (
				9BAF046C2926E92000069823 /* Parky */,
				9BAF046B2926E92000069823 /* Products */,
				C9C8B7CFDDFEB52D6EA2633D /* Pods */,
				58181C236DC4E786164095CE /* Frameworks */,
			);
			sourceTree = "<group>";
		};
		9BAF046B2926E92000069823 /* Products */ = {
			isa = PBXGroup;
			children = (
				9BAF046A2926E92000069823 /* Parky.app */,
			);
			name = Products;
			sourceTree = "<group>";
		};
		9BAF046C2926E92000069823 /* Parky */ = {
			isa = PBXGroup;
			children = (
				9BAF046D2926E92000069823 /* AppDelegate.swift */,
				9BAF046F2926E92000069823 /* SceneDelegate.swift */,
				9BAF04712926E92000069823 /* ViewController.swift */,
				A73A119D292F252A00FC3992 /* CommentsCollectionViewCell.swift */,
				A73A1195292EC5B500FC3992 /* OpenHourProcessor.swift */,
				A73A1193292DCD1E00FC3992 /* DetailViewController.swift */,
				A73A118F292DA58C00FC3992 /* ParkTableViewCell.swift */,
				A73A118D292DA26B00FC3992 /* Park.swift */,
				9BAF04762926E92300069823 /* Assets.xcassets */,
				9BAF04782926E92300069823 /* LaunchScreen.storyboard */,
				9BAF047B2926E92300069823 /* Info.plist */,
				A73A1191292DA97200FC3992 /* NetworkManager.swift */,
			);
			path = Parky;
			sourceTree = "<group>";
		};
		C9C8B7CFDDFEB52D6EA2633D /* Pods */ = {
			isa = PBXGroup;
			children = (
				6175936FAA0966B5118FEA12 /* Pods-Parky.debug.xcconfig */,
				F20F62A37D5580EEB53A60A9 /* Pods-Parky.release.xcconfig */,
			);
			path = Pods;
			sourceTree = "<group>";
		};
/* End PBXGroup section */

/* Begin PBXNativeTarget section */
		9BAF04692926E92000069823 /* Parky */ = {
			isa = PBXNativeTarget;
			buildConfigurationList = 9BAF047E2926E92300069823 /* Build configuration list for PBXNativeTarget "Parky" */;
			buildPhases = (
				FBF2402FDC1D1794E6FD3466 /* [CP] Check Pods Manifest.lock */,
				9BAF04662926E92000069823 /* Sources */,
				9BAF04672926E92000069823 /* Frameworks */,
				9BAF04682926E92000069823 /* Resources */,
				800A71A458CFA8856899BC9A /* [CP] Embed Pods Frameworks */,
			);
			buildRules = (
			);
			dependencies = (
			);
			name = Parky;
			productName = Parky;
			productReference = 9BAF046A2926E92000069823 /* Parky.app */;
			productType = "com.apple.product-type.application";
		};
/* End PBXNativeTarget section */

/* Begin PBXProject section */
		9BAF04622926E92000069823 /* Project object */ = {
			isa = PBXProject;
			attributes = {
				BuildIndependentTargetsInParallel = 1;
				LastSwiftUpdateCheck = 1410;
				LastUpgradeCheck = 1410;
				TargetAttributes = {
					9BAF04692926E92000069823 = {
						CreatedOnToolsVersion = 14.1;
					};
				};
			};
			buildConfigurationList = 9BAF04652926E92000069823 /* Build configuration list for PBXProject "Parky" */;
			compatibilityVersion = "Xcode 14.0";
			developmentRegion = en;
			hasScannedForEncodings = 0;
			knownRegions = (
				en,
				Base,
			);
			mainGroup = 9BAF04612926E92000069823;
			productRefGroup = 9BAF046B2926E92000069823 /* Products */;
			projectDirPath = "";
			projectRoot = "";
			targets = (
				9BAF04692926E92000069823 /* Parky */,
			);
		};
/* End PBXProject section */

/* Begin PBXResourcesBuildPhase section */
		9BAF04682926E92000069823 /* Resources */ = {
			isa = PBXResourcesBuildPhase;
			buildActionMask = 2147483647;
			files = (
				9BAF047A2926E92300069823 /* LaunchScreen.storyboard in Resources */,
				9BAF04772926E92300069823 /* Assets.xcassets in Resources */,
			);
			runOnlyForDeploymentPostprocessing = 0;
		};
/* End PBXResourcesBuildPhase section */

/* Begin PBXShellScriptBuildPhase section */
		800A71A458CFA8856899BC9A /* [CP] Embed Pods Frameworks */ = {
			isa = PBXShellScriptBuildPhase;
			buildActionMask = 2147483647;
			files = (
			);
			inputFileListPaths = (
				"${PODS_ROOT}/Target Support Files/Pods-Parky/Pods-Parky-frameworks-${CONFIGURATION}-input-files.xcfilelist",
			);
			name = "[CP] Embed Pods Frameworks";
			outputFileListPaths = (
				"${PODS_ROOT}/Target Support Files/Pods-Parky/Pods-Parky-frameworks-${CONFIGURATION}-output-files.xcfilelist",
			);
			runOnlyForDeploymentPostprocessing = 0;
			shellPath = /bin/sh;
			shellScript = "\"${PODS_ROOT}/Target Support Files/Pods-Parky/Pods-Parky-frameworks.sh\"\n";
			showEnvVarsInLog = 0;
		};
		FBF2402FDC1D1794E6FD3466 /* [CP] Check Pods Manifest.lock */ = {
			isa = PBXShellScriptBuildPhase;
			buildActionMask = 2147483647;
			files = (
			);
			inputFileListPaths = (
			);
			inputPaths = (
				"${PODS_PODFILE_DIR_PATH}/Podfile.lock",
				"${PODS_ROOT}/Manifest.lock",
			);
			name = "[CP] Check Pods Manifest.lock";
			outputFileListPaths = (
			);
			outputPaths = (
				"$(DERIVED_FILE_DIR)/Pods-Parky-checkManifestLockResult.txt",
			);
			runOnlyForDeploymentPostprocessing = 0;
			shellPath = /bin/sh;
			shellScript = "diff \"${PODS_PODFILE_DIR_PATH}/Podfile.lock\" \"${PODS_ROOT}/Manifest.lock\" > /dev/null\nif [ $? != 0 ] ; then\n    # print error to STDERR\n    echo \"error: The sandbox is not in sync with the Podfile.lock. Run 'pod install' or update your CocoaPods installation.\" >&2\n    exit 1\nfi\n# This output is used by Xcode 'outputs' to avoid re-running this script phase.\necho \"SUCCESS\" > \"${SCRIPT_OUTPUT_FILE_0}\"\n";
			showEnvVarsInLog = 0;
		};
/* End PBXShellScriptBuildPhase section */

/* Begin PBXSourcesBuildPhase section */
		9BAF04662926E92000069823 /* Sources */ = {
			isa = PBXSourcesBuildPhase;
			buildActionMask = 2147483647;
			files = (
				A73A1192292DA97200FC3992 /* NetworkManager.swift in Sources */,
				9BAF04722926E92000069823 /* ViewController.swift in Sources */,
				9BAF046E2926E92000069823 /* AppDelegate.swift in Sources */,
				A73A119E292F252A00FC3992 /* CommentsCollectionViewCell.swift in Sources */,
				A73A1190292DA58C00FC3992 /* ParkTableViewCell.swift in Sources */,
				A73A1196292EC5B500FC3992 /* OpenHourProcessor.swift in Sources */,
				9BAF04702926E92000069823 /* SceneDelegate.swift in Sources */,
				A73A118E292DA26B00FC3992 /* Park.swift in Sources */,
				A73A1194292DCD1E00FC3992 /* DetailViewController.swift in Sources */,
			);
			runOnlyForDeploymentPostprocessing = 0;
		};
/* End PBXSourcesBuildPhase section */

/* Begin PBXVariantGroup section */
		9BAF04782926E92300069823 /* LaunchScreen.storyboard */ = {
			isa = PBXVariantGroup;
			children = (
				9BAF04792926E92300069823 /* Base */,
			);
			name = LaunchScreen.storyboard;
			sourceTree = "<group>";
		};
/* End PBXVariantGroup section */

/* Begin XCBuildConfiguration section */
		9BAF047C2926E92300069823 /* Debug */ = {
			isa = XCBuildConfiguration;
			buildSettings = {
				ALWAYS_SEARCH_USER_PATHS = NO;
				CLANG_ANALYZER_NONNULL = YES;
				CLANG_ANALYZER_NUMBER_OBJECT_CONVERSION = YES_AGGRESSIVE;
				CLANG_CXX_LANGUAGE_STANDARD = "gnu++20";
				CLANG_ENABLE_MODULES = YES;
				CLANG_ENABLE_OBJC_ARC = YES;
				CLANG_ENABLE_OBJC_WEAK = YES;
				CLANG_WARN_BLOCK_CAPTURE_AUTORELEASING = YES;
				CLANG_WARN_BOOL_CONVERSION = YES;
				CLANG_WARN_COMMA = YES;
				CLANG_WARN_CONSTANT_CONVERSION = YES;
				CLANG_WARN_DEPRECATED_OBJC_IMPLEMENTATIONS = YES;
				CLANG_WARN_DIRECT_OBJC_ISA_USAGE = YES_ERROR;
				CLANG_WARN_DOCUMENTATION_COMMENTS = YES;
				CLANG_WARN_EMPTY_BODY = YES;
				CLANG_WARN_ENUM_CONVERSION = YES;
				CLANG_WARN_INFINITE_RECURSION = YES;
				CLANG_WARN_INT_CONVERSION = YES;
				CLANG_WARN_NON_LITERAL_NULL_CONVERSION = YES;
				CLANG_WARN_OBJC_IMPLICIT_RETAIN_SELF = YES;
				CLANG_WARN_OBJC_LITERAL_CONVERSION = YES;
				CLANG_WARN_OBJC_ROOT_CLASS = YES_ERROR;
				CLANG_WARN_QUOTED_INCLUDE_IN_FRAMEWORK_HEADER = YES;
				CLANG_WARN_RANGE_LOOP_ANALYSIS = YES;
				CLANG_WARN_STRICT_PROTOTYPES = YES;
				CLANG_WARN_SUSPICIOUS_MOVE = YES;
				CLANG_WARN_UNGUARDED_AVAILABILITY = YES_AGGRESSIVE;
				CLANG_WARN_UNREACHABLE_CODE = YES;
				CLANG_WARN__DUPLICATE_METHOD_MATCH = YES;
				COPY_PHASE_STRIP = NO;
				DEBUG_INFORMATION_FORMAT = dwarf;
				ENABLE_STRICT_OBJC_MSGSEND = YES;
				ENABLE_TESTABILITY = YES;
				GCC_C_LANGUAGE_STANDARD = gnu11;
				GCC_DYNAMIC_NO_PIC = NO;
				GCC_NO_COMMON_BLOCKS = YES;
				GCC_OPTIMIZATION_LEVEL = 0;
				GCC_PREPROCESSOR_DEFINITIONS = (
					"DEBUG=1",
					"$(inherited)",
				);
				GCC_WARN_64_TO_32_BIT_CONVERSION = YES;
				GCC_WARN_ABOUT_RETURN_TYPE = YES_ERROR;
				GCC_WARN_UNDECLARED_SELECTOR = YES;
				GCC_WARN_UNINITIALIZED_AUTOS = YES_AGGRESSIVE;
				GCC_WARN_UNUSED_FUNCTION = YES;
				GCC_WARN_UNUSED_VARIABLE = YES;
				IPHONEOS_DEPLOYMENT_TARGET = 16.1;
				MTL_ENABLE_DEBUG_INFO = INCLUDE_SOURCE;
				MTL_FAST_MATH = YES;
				ONLY_ACTIVE_ARCH = YES;
				SDKROOT = iphoneos;
				SWIFT_ACTIVE_COMPILATION_CONDITIONS = DEBUG;
				SWIFT_OPTIMIZATION_LEVEL = "-Onone";
			};
			name = Debug;
		};
		9BAF047D2926E92300069823 /* Release */ = {
			isa = XCBuildConfiguration;
			buildSettings = {
				ALWAYS_SEARCH_USER_PATHS = NO;
				CLANG_ANALYZER_NONNULL = YES;
				CLANG_ANALYZER_NUMBER_OBJECT_CONVERSION = YES_AGGRESSIVE;
				CLANG_CXX_LANGUAGE_STANDARD = "gnu++20";
				CLANG_ENABLE_MODULES = YES;
				CLANG_ENABLE_OBJC_ARC = YES;
				CLANG_ENABLE_OBJC_WEAK = YES;
				CLANG_WARN_BLOCK_CAPTURE_AUTORELEASING = YES;
				CLANG_WARN_BOOL_CONVERSION = YES;
				CLANG_WARN_COMMA = YES;
				CLANG_WARN_CONSTANT_CONVERSION = YES;
				CLANG_WARN_DEPRECATED_OBJC_IMPLEMENTATIONS = YES;
				CLANG_WARN_DIRECT_OBJC_ISA_USAGE = YES_ERROR;
				CLANG_WARN_DOCUMENTATION_COMMENTS = YES;
				CLANG_WARN_EMPTY_BODY = YES;
				CLANG_WARN_ENUM_CONVERSION = YES;
				CLANG_WARN_INFINITE_RECURSION = YES;
				CLANG_WARN_INT_CONVERSION = YES;
				CLANG_WARN_NON_LITERAL_NULL_CONVERSION = YES;
				CLANG_WARN_OBJC_IMPLICIT_RETAIN_SELF = YES;
				CLANG_WARN_OBJC_LITERAL_CONVERSION = YES;
				CLANG_WARN_OBJC_ROOT_CLASS = YES_ERROR;
				CLANG_WARN_QUOTED_INCLUDE_IN_FRAMEWORK_HEADER = YES;
				CLANG_WARN_RANGE_LOOP_ANALYSIS = YES;
				CLANG_WARN_STRICT_PROTOTYPES = YES;
				CLANG_WARN_SUSPICIOUS_MOVE = YES;
				CLANG_WARN_UNGUARDED_AVAILABILITY = YES_AGGRESSIVE;
				CLANG_WARN_UNREACHABLE_CODE = YES;
				CLANG_WARN__DUPLICATE_METHOD_MATCH = YES;
				COPY_PHASE_STRIP = NO;
				DEBUG_INFORMATION_FORMAT = "dwarf-with-dsym";
				ENABLE_NS_ASSERTIONS = NO;
				ENABLE_STRICT_OBJC_MSGSEND = YES;
				GCC_C_LANGUAGE_STANDARD = gnu11;
				GCC_NO_COMMON_BLOCKS = YES;
				GCC_WARN_64_TO_32_BIT_CONVERSION = YES;
				GCC_WARN_ABOUT_RETURN_TYPE = YES_ERROR;
				GCC_WARN_UNDECLARED_SELECTOR = YES;
				GCC_WARN_UNINITIALIZED_AUTOS = YES_AGGRESSIVE;
				GCC_WARN_UNUSED_FUNCTION = YES;
				GCC_WARN_UNUSED_VARIABLE = YES;
				IPHONEOS_DEPLOYMENT_TARGET = 16.1;
				MTL_ENABLE_DEBUG_INFO = NO;
				MTL_FAST_MATH = YES;
				SDKROOT = iphoneos;
				SWIFT_COMPILATION_MODE = wholemodule;
				SWIFT_OPTIMIZATION_LEVEL = "-O";
				VALIDATE_PRODUCT = YES;
			};
			name = Release;
		};
		9BAF047F2926E92300069823 /* Debug */ = {
			isa = XCBuildConfiguration;
			baseConfigurationReference = 6175936FAA0966B5118FEA12 /* Pods-Parky.debug.xcconfig */;
			buildSettings = {
				ASSETCATALOG_COMPILER_APPICON_NAME = AppIcon;
				ASSETCATALOG_COMPILER_GLOBAL_ACCENT_COLOR_NAME = AccentColor;
				CODE_SIGN_STYLE = Automatic;
				CURRENT_PROJECT_VERSION = 1;
				DEVELOPMENT_TEAM = BN42QRF7SW;
				GENERATE_INFOPLIST_FILE = YES;
				INFOPLIST_FILE = Parky/Info.plist;
				INFOPLIST_KEY_UIApplicationSupportsIndirectInputEvents = YES;
				INFOPLIST_KEY_UILaunchStoryboardName = LaunchScreen.storyboard;
				INFOPLIST_KEY_UIMainStoryboardFile = "";
				INFOPLIST_KEY_UISupportedInterfaceOrientations_iPad = "UIInterfaceOrientationPortrait UIInterfaceOrientationPortraitUpsideDown UIInterfaceOrientationLandscapeLeft UIInterfaceOrientationLandscapeRight";
				INFOPLIST_KEY_UISupportedInterfaceOrientations_iPhone = "UIInterfaceOrientationPortrait UIInterfaceOrientationLandscapeLeft UIInterfaceOrientationLandscapeRight";
				LD_RUNPATH_SEARCH_PATHS = (
					"$(inherited)",
					"@executable_path/Frameworks",
				);
				MARKETING_VERSION = 1.0;
				PRODUCT_BUNDLE_IDENTIFIER = "Cornell-AppDev.Parky";
				PRODUCT_NAME = "$(TARGET_NAME)";
				SWIFT_EMIT_LOC_STRINGS = YES;
				SWIFT_VERSION = 5.0;
				TARGETED_DEVICE_FAMILY = "1,2";
			};
			name = Debug;
		};
		9BAF04802926E92300069823 /* Release */ = {
			isa = XCBuildConfiguration;
			baseConfigurationReference = F20F62A37D5580EEB53A60A9 /* Pods-Parky.release.xcconfig */;
			buildSettings = {
				ASSETCATALOG_COMPILER_APPICON_NAME = AppIcon;
				ASSETCATALOG_COMPILER_GLOBAL_ACCENT_COLOR_NAME = AccentColor;
				CODE_SIGN_STYLE = Automatic;
				CURRENT_PROJECT_VERSION = 1;
				DEVELOPMENT_TEAM = BN42QRF7SW;
				GENERATE_INFOPLIST_FILE = YES;
				INFOPLIST_FILE = Parky/Info.plist;
				INFOPLIST_KEY_UIApplicationSupportsIndirectInputEvents = YES;
				INFOPLIST_KEY_UILaunchStoryboardName = LaunchScreen.storyboard;
				INFOPLIST_KEY_UIMainStoryboardFile = "";
				INFOPLIST_KEY_UISupportedInterfaceOrientations_iPad = "UIInterfaceOrientationPortrait UIInterfaceOrientationPortraitUpsideDown UIInterfaceOrientationLandscapeLeft UIInterfaceOrientationLandscapeRight";
				INFOPLIST_KEY_UISupportedInterfaceOrientations_iPhone = "UIInterfaceOrientationPortrait UIInterfaceOrientationLandscapeLeft UIInterfaceOrientationLandscapeRight";
				LD_RUNPATH_SEARCH_PATHS = (
					"$(inherited)",
					"@executable_path/Frameworks",
				);
				MARKETING_VERSION = 1.0;
				PRODUCT_BUNDLE_IDENTIFIER = "Cornell-AppDev.Parky";
				PRODUCT_NAME = "$(TARGET_NAME)";
				SWIFT_EMIT_LOC_STRINGS = YES;
				SWIFT_VERSION = 5.0;
				TARGETED_DEVICE_FAMILY = "1,2";
			};
			name = Release;
		};
/* End XCBuildConfiguration section */

/* Begin XCConfigurationList section */
		9BAF04652926E92000069823 /* Build configuration list for PBXProject "Parky" */ = {
			isa = XCConfigurationList;
			buildConfigurations = (
				9BAF047C2926E92300069823 /* Debug */,
				9BAF047D2926E92300069823 /* Release */,
			);
			defaultConfigurationIsVisible = 0;
			defaultConfigurationName = Release;
		};
		9BAF047E2926E92300069823 /* Build configuration list for PBXNativeTarget "Parky" */ = {
			isa = XCConfigurationList;
			buildConfigurations = (
				9BAF047F2926E92300069823 /* Debug */,
				9BAF04802926E92300069823 /* Release */,
			);
			defaultConfigurationIsVisible = 0;
			defaultConfigurationName = Release;
		};
/* End XCConfigurationList section */
	};
	rootObject = 9BAF04622926E92000069823 /* Project object */;
}
